// !$*UTF8*$!
{
	archiveVersion = 1;
	classes = {
	};
	objectVersion = 55;
	objects = {

/* Begin PBXBuildFile section */
		1F07AAE35E60A79B79513C89 /* Pods_Groupir.framework in Frameworks */ = {isa = PBXBuildFile; fileRef = F9BD3EF19DA6F19842076781 /* Pods_Groupir.framework */; };
		9746DF16272451D800F01B36 /* PHAssetResource+SY.swift in Sources */ = {isa = PBXBuildFile; fileRef = 9746DF15272451D800F01B36 /* PHAssetResource+SY.swift */; };
		9753403727217F960079F537 /* AppDelegate.swift in Sources */ = {isa = PBXBuildFile; fileRef = 9753403627217F960079F537 /* AppDelegate.swift */; };
		9753403927217F960079F537 /* SceneDelegate.swift in Sources */ = {isa = PBXBuildFile; fileRef = 9753403827217F960079F537 /* SceneDelegate.swift */; };
		9753403B27217F960079F537 /* ViewController.swift in Sources */ = {isa = PBXBuildFile; fileRef = 9753403A27217F960079F537 /* ViewController.swift */; };
		9753404027217F980079F537 /* Assets.xcassets in Resources */ = {isa = PBXBuildFile; fileRef = 9753403F27217F980079F537 /* Assets.xcassets */; };
		9753404327217F980079F537 /* LaunchScreen.storyboard in Resources */ = {isa = PBXBuildFile; fileRef = 9753404127217F980079F537 /* LaunchScreen.storyboard */; };
		975CF38227242EB800F23511 /* ExportableMedia.swift in Sources */ = {isa = PBXBuildFile; fileRef = 975CF38127242EB800F23511 /* ExportableMedia.swift */; };
		975CF384272438CA00F23511 /* PHAssetResourceType+SY.swift in Sources */ = {isa = PBXBuildFile; fileRef = 975CF383272438CA00F23511 /* PHAssetResourceType+SY.swift */; };
		975D84202722D7D0004B6D63 /* PrefsManager.swift in Sources */ = {isa = PBXBuildFile; fileRef = 975D841F2722D7D0004B6D63 /* PrefsManager.swift */; };
		975D84222722D813004B6D63 /* UserDefaults+SY.swift in Sources */ = {isa = PBXBuildFile; fileRef = 975D84212722D813004B6D63 /* UserDefaults+SY.swift */; };
		979DBD08272B37B30081339A /* NSDiffableDataSourceSnapshot+SY.swift in Sources */ = {isa = PBXBuildFile; fileRef = 979DBD07272B37B30081339A /* NSDiffableDataSourceSnapshot+SY.swift */; };
		979DBD0A272B38690081339A /* UICollectionViewDiffableDataSource+SY.swift in Sources */ = {isa = PBXBuildFile; fileRef = 979DBD09272B38690081339A /* UICollectionViewDiffableDataSource+SY.swift */; };
		979DBD0C272B3FF30081339A /* ObservedObject.swift in Sources */ = {isa = PBXBuildFile; fileRef = 979DBD0B272B3FF30081339A /* ObservedObject.swift */; };
		979DBD10272B5E750081339A /* TempURL.swift in Sources */ = {isa = PBXBuildFile; fileRef = 979DBD0F272B5E750081339A /* TempURL.swift */; };
		979DBD12272B63EC0081339A /* MediaPreviewItem.swift in Sources */ = {isa = PBXBuildFile; fileRef = 979DBD11272B63EC0081339A /* MediaPreviewItem.swift */; };
		979DBD14272B685D0081339A /* FileManager+SY.swift in Sources */ = {isa = PBXBuildFile; fileRef = 979DBD13272B685D0081339A /* FileManager+SY.swift */; };
		979DBD16272B6F970081339A /* Logger.swift in Sources */ = {isa = PBXBuildFile; fileRef = 979DBD15272B6F970081339A /* Logger.swift */; };
		979DBD1A272B787E0081339A /* GroupAction.swift in Sources */ = {isa = PBXBuildFile; fileRef = 979DBD19272B787E0081339A /* GroupAction.swift */; };
		979DBD1C272B7DBB0081339A /* MediaAction.swift in Sources */ = {isa = PBXBuildFile; fileRef = 979DBD1B272B7DBB0081339A /* MediaAction.swift */; };
		97CFC3A32724EBA30064FA6D /* LinkedMedias.swift in Sources */ = {isa = PBXBuildFile; fileRef = 97CFC3A22724EBA30064FA6D /* LinkedMedias.swift */; };
		97CFC3A52724F6990064FA6D /* MediasViewController.swift in Sources */ = {isa = PBXBuildFile; fileRef = 97CFC3A42724F6990064FA6D /* MediasViewController.swift */; };
		97D5DD1D272585B800352F0C /* Album.swift in Sources */ = {isa = PBXBuildFile; fileRef = 97D5DD1C272585B800352F0C /* Album.swift */; };
		97D5DD1F2725870E00352F0C /* Group.swift in Sources */ = {isa = PBXBuildFile; fileRef = 97D5DD1E2725870E00352F0C /* Group.swift */; };
		97F9DB552721816700A7DCC3 /* Media.swift in Sources */ = {isa = PBXBuildFile; fileRef = 97F9DB542721816700A7DCC3 /* Media.swift */; };
		97F9DB572721817900A7DCC3 /* Event.swift in Sources */ = {isa = PBXBuildFile; fileRef = 97F9DB562721817900A7DCC3 /* Event.swift */; };
		97F9DB5A272182D600A7DCC3 /* Array+SY.swift in Sources */ = {isa = PBXBuildFile; fileRef = 97F9DB59272182D600A7DCC3 /* Array+SY.swift */; };
		97F9DB5C2721849800A7DCC3 /* Date+SY.swift in Sources */ = {isa = PBXBuildFile; fileRef = 97F9DB5B2721849800A7DCC3 /* Date+SY.swift */; };
		97F9DB5E2721854400A7DCC3 /* MediasManager.swift in Sources */ = {isa = PBXBuildFile; fileRef = 97F9DB5D2721854400A7DCC3 /* MediasManager.swift */; };
		97F9DB60272185DE00A7DCC3 /* AppError.swift in Sources */ = {isa = PBXBuildFile; fileRef = 97F9DB5F272185DE00A7DCC3 /* AppError.swift */; };
		97F9DB63272189CF00A7DCC3 /* MediaCell.swift in Sources */ = {isa = PBXBuildFile; fileRef = 97F9DB62272189CF00A7DCC3 /* MediaCell.swift */; };
		97F9DB6527219A9200A7DCC3 /* GroupCell.swift in Sources */ = {isa = PBXBuildFile; fileRef = 97F9DB6427219A9200A7DCC3 /* GroupCell.swift */; };
/* End PBXBuildFile section */

/* Begin PBXFileReference section */
		654FB45A1DE146F16235507E /* Pods-Groupir.debug.xcconfig */ = {isa = PBXFileReference; includeInIndex = 1; lastKnownFileType = text.xcconfig; name = "Pods-Groupir.debug.xcconfig"; path = "Target Support Files/Pods-Groupir/Pods-Groupir.debug.xcconfig"; sourceTree = "<group>"; };
		6A3A003AB32A119A7BC9CBA1 /* Pods-Groupir.release.xcconfig */ = {isa = PBXFileReference; includeInIndex = 1; lastKnownFileType = text.xcconfig; name = "Pods-Groupir.release.xcconfig"; path = "Target Support Files/Pods-Groupir/Pods-Groupir.release.xcconfig"; sourceTree = "<group>"; };
		9746DF15272451D800F01B36 /* PHAssetResource+SY.swift */ = {isa = PBXFileReference; lastKnownFileType = sourcecode.swift; path = "PHAssetResource+SY.swift"; sourceTree = "<group>"; };
		9753403327217F960079F537 /* Groupir.app */ = {isa = PBXFileReference; explicitFileType = wrapper.application; includeInIndex = 0; path = Groupir.app; sourceTree = BUILT_PRODUCTS_DIR; };
		9753403627217F960079F537 /* AppDelegate.swift */ = {isa = PBXFileReference; lastKnownFileType = sourcecode.swift; path = AppDelegate.swift; sourceTree = "<group>"; };
		9753403827217F960079F537 /* SceneDelegate.swift */ = {isa = PBXFileReference; lastKnownFileType = sourcecode.swift; path = SceneDelegate.swift; sourceTree = "<group>"; };
		9753403A27217F960079F537 /* ViewController.swift */ = {isa = PBXFileReference; lastKnownFileType = sourcecode.swift; path = ViewController.swift; sourceTree = "<group>"; };
		9753403F27217F980079F537 /* Assets.xcassets */ = {isa = PBXFileReference; lastKnownFileType = folder.assetcatalog; path = Assets.xcassets; sourceTree = "<group>"; };
		9753404227217F980079F537 /* Base */ = {isa = PBXFileReference; lastKnownFileType = file.storyboard; name = Base; path = Base.lproj/LaunchScreen.storyboard; sourceTree = "<group>"; };
		9753404427217F980079F537 /* Info.plist */ = {isa = PBXFileReference; lastKnownFileType = text.plist.xml; path = Info.plist; sourceTree = "<group>"; };
		975CF38127242EB800F23511 /* ExportableMedia.swift */ = {isa = PBXFileReference; lastKnownFileType = sourcecode.swift; path = ExportableMedia.swift; sourceTree = "<group>"; };
		975CF383272438CA00F23511 /* PHAssetResourceType+SY.swift */ = {isa = PBXFileReference; lastKnownFileType = sourcecode.swift; path = "PHAssetResourceType+SY.swift"; sourceTree = "<group>"; };
		975D841F2722D7D0004B6D63 /* PrefsManager.swift */ = {isa = PBXFileReference; lastKnownFileType = sourcecode.swift; path = PrefsManager.swift; sourceTree = "<group>"; };
		975D84212722D813004B6D63 /* UserDefaults+SY.swift */ = {isa = PBXFileReference; lastKnownFileType = sourcecode.swift; path = "UserDefaults+SY.swift"; sourceTree = "<group>"; };
		979DBD07272B37B30081339A /* NSDiffableDataSourceSnapshot+SY.swift */ = {isa = PBXFileReference; lastKnownFileType = sourcecode.swift; path = "NSDiffableDataSourceSnapshot+SY.swift"; sourceTree = "<group>"; };
		979DBD09272B38690081339A /* UICollectionViewDiffableDataSource+SY.swift */ = {isa = PBXFileReference; lastKnownFileType = sourcecode.swift; path = "UICollectionViewDiffableDataSource+SY.swift"; sourceTree = "<group>"; };
		979DBD0B272B3FF30081339A /* ObservedObject.swift */ = {isa = PBXFileReference; lastKnownFileType = sourcecode.swift; path = ObservedObject.swift; sourceTree = "<group>"; };
		979DBD0F272B5E750081339A /* TempURL.swift */ = {isa = PBXFileReference; lastKnownFileType = sourcecode.swift; path = TempURL.swift; sourceTree = "<group>"; };
		979DBD11272B63EC0081339A /* MediaPreviewItem.swift */ = {isa = PBXFileReference; lastKnownFileType = sourcecode.swift; path = MediaPreviewItem.swift; sourceTree = "<group>"; };
		979DBD13272B685D0081339A /* FileManager+SY.swift */ = {isa = PBXFileReference; lastKnownFileType = sourcecode.swift; path = "FileManager+SY.swift"; sourceTree = "<group>"; };
		979DBD15272B6F970081339A /* Logger.swift */ = {isa = PBXFileReference; lastKnownFileType = sourcecode.swift; path = Logger.swift; sourceTree = "<group>"; };
		979DBD19272B787E0081339A /* GroupAction.swift */ = {isa = PBXFileReference; lastKnownFileType = sourcecode.swift; path = GroupAction.swift; sourceTree = "<group>"; };
		979DBD1B272B7DBB0081339A /* MediaAction.swift */ = {isa = PBXFileReference; lastKnownFileType = sourcecode.swift; path = MediaAction.swift; sourceTree = "<group>"; };
		97CFC3A22724EBA30064FA6D /* LinkedMedias.swift */ = {isa = PBXFileReference; lastKnownFileType = sourcecode.swift; path = LinkedMedias.swift; sourceTree = "<group>"; };
		97CFC3A42724F6990064FA6D /* MediasViewController.swift */ = {isa = PBXFileReference; lastKnownFileType = sourcecode.swift; path = MediasViewController.swift; sourceTree = "<group>"; };
		97D5DD1C272585B800352F0C /* Album.swift */ = {isa = PBXFileReference; lastKnownFileType = sourcecode.swift; path = Album.swift; sourceTree = "<group>"; };
		97D5DD1E2725870E00352F0C /* Group.swift */ = {isa = PBXFileReference; lastKnownFileType = sourcecode.swift; path = Group.swift; sourceTree = "<group>"; };
		97F9DB542721816700A7DCC3 /* Media.swift */ = {isa = PBXFileReference; lastKnownFileType = sourcecode.swift; path = Media.swift; sourceTree = "<group>"; };
		97F9DB562721817900A7DCC3 /* Event.swift */ = {isa = PBXFileReference; lastKnownFileType = sourcecode.swift; path = Event.swift; sourceTree = "<group>"; };
		97F9DB59272182D600A7DCC3 /* Array+SY.swift */ = {isa = PBXFileReference; lastKnownFileType = sourcecode.swift; path = "Array+SY.swift"; sourceTree = "<group>"; };
		97F9DB5B2721849800A7DCC3 /* Date+SY.swift */ = {isa = PBXFileReference; lastKnownFileType = sourcecode.swift; path = "Date+SY.swift"; sourceTree = "<group>"; };
		97F9DB5D2721854400A7DCC3 /* MediasManager.swift */ = {isa = PBXFileReference; lastKnownFileType = sourcecode.swift; path = MediasManager.swift; sourceTree = "<group>"; };
		97F9DB5F272185DE00A7DCC3 /* AppError.swift */ = {isa = PBXFileReference; lastKnownFileType = sourcecode.swift; path = AppError.swift; sourceTree = "<group>"; };
		97F9DB62272189CF00A7DCC3 /* MediaCell.swift */ = {isa = PBXFileReference; lastKnownFileType = sourcecode.swift; path = MediaCell.swift; sourceTree = "<group>"; };
		97F9DB6427219A9200A7DCC3 /* GroupCell.swift */ = {isa = PBXFileReference; lastKnownFileType = sourcecode.swift; path = GroupCell.swift; sourceTree = "<group>"; };
		F9BD3EF19DA6F19842076781 /* Pods_Groupir.framework */ = {isa = PBXFileReference; explicitFileType = wrapper.framework; includeInIndex = 0; path = Pods_Groupir.framework; sourceTree = BUILT_PRODUCTS_DIR; };
/* End PBXFileReference section */

/* Begin PBXFrameworksBuildPhase section */
		9753403027217F960079F537 /* Frameworks */ = {
			isa = PBXFrameworksBuildPhase;
			buildActionMask = 2147483647;
			files = (
				1F07AAE35E60A79B79513C89 /* Pods_Groupir.framework in Frameworks */,
			);
			runOnlyForDeploymentPostprocessing = 0;
		};
/* End PBXFrameworksBuildPhase section */

/* Begin PBXGroup section */
		134CB0EF9A500E060DFCD81C /* Frameworks */ = {
			isa = PBXGroup;
			children = (
				F9BD3EF19DA6F19842076781 /* Pods_Groupir.framework */,
			);
			name = Frameworks;
			sourceTree = "<group>";
		};
		9753402A27217F960079F537 = {
			isa = PBXGroup;
			children = (
				9753403527217F960079F537 /* Groupir */,
				9753403427217F960079F537 /* Products */,
				984DCDEC516AE09EC7C9E167 /* Pods */,
				134CB0EF9A500E060DFCD81C /* Frameworks */,
			);
			sourceTree = "<group>";
		};
		9753403427217F960079F537 /* Products */ = {
			isa = PBXGroup;
			children = (
				9753403327217F960079F537 /* Groupir.app */,
			);
			name = Products;
			sourceTree = "<group>";
		};
		9753403527217F960079F537 /* Groupir */ = {
			isa = PBXGroup;
			children = (
				97F9DB58272182CD00A7DCC3 /* Extensions */,
				97F9DB522721812F00A7DCC3 /* Models */,
				97F9DB532721813600A7DCC3 /* Controllers */,
				97F9DB61272189C300A7DCC3 /* Cells */,
				97F9DB512721811400A7DCC3 /* ViewControllers */,
				9753403F27217F980079F537 /* Assets.xcassets */,
				9753404127217F980079F537 /* LaunchScreen.storyboard */,
				9753403627217F960079F537 /* AppDelegate.swift */,
				9753403827217F960079F537 /* SceneDelegate.swift */,
				9753404427217F980079F537 /* Info.plist */,
			);
			path = Groupir;
			sourceTree = "<group>";
		};
		97F9DB512721811400A7DCC3 /* ViewControllers */ = {
			isa = PBXGroup;
			children = (
				9753403A27217F960079F537 /* ViewController.swift */,
				97CFC3A42724F6990064FA6D /* MediasViewController.swift */,
			);
			path = ViewControllers;
			sourceTree = "<group>";
		};
		97F9DB522721812F00A7DCC3 /* Models */ = {
			isa = PBXGroup;
			children = (
				97D5DD1C272585B800352F0C /* Album.swift */,
				97F9DB5F272185DE00A7DCC3 /* AppError.swift */,
				97F9DB562721817900A7DCC3 /* Event.swift */,
				975CF38127242EB800F23511 /* ExportableMedia.swift */,
				97D5DD1E2725870E00352F0C /* Group.swift */,
				979DBD19272B787E0081339A /* GroupAction.swift */,
				97CFC3A22724EBA30064FA6D /* LinkedMedias.swift */,
				97F9DB542721816700A7DCC3 /* Media.swift */,
				979DBD1B272B7DBB0081339A /* MediaAction.swift */,
				979DBD11272B63EC0081339A /* MediaPreviewItem.swift */,
				979DBD0B272B3FF30081339A /* ObservedObject.swift */,
				979DBD0F272B5E750081339A /* TempURL.swift */,
			);
			path = Models;
			sourceTree = "<group>";
		};
		97F9DB532721813600A7DCC3 /* Controllers */ = {
			isa = PBXGroup;
			children = (
				97F9DB5D2721854400A7DCC3 /* MediasManager.swift */,
				975D841F2722D7D0004B6D63 /* PrefsManager.swift */,
				979DBD15272B6F970081339A /* Logger.swift */,
			);
			path = Controllers;
			sourceTree = "<group>";
		};
		97F9DB58272182CD00A7DCC3 /* Extensions */ = {
			isa = PBXGroup;
			children = (
				97F9DB59272182D600A7DCC3 /* Array+SY.swift */,
				97F9DB5B2721849800A7DCC3 /* Date+SY.swift */,
				979DBD13272B685D0081339A /* FileManager+SY.swift */,
				979DBD07272B37B30081339A /* NSDiffableDataSourceSnapshot+SY.swift */,
				9746DF15272451D800F01B36 /* PHAssetResource+SY.swift */,
				975CF383272438CA00F23511 /* PHAssetResourceType+SY.swift */,
				979DBD09272B38690081339A /* UICollectionViewDiffableDataSource+SY.swift */,
				975D84212722D813004B6D63 /* UserDefaults+SY.swift */,
			);
			path = Extensions;
			sourceTree = "<group>";
		};
		97F9DB61272189C300A7DCC3 /* Cells */ = {
			isa = PBXGroup;
			children = (
				97F9DB6427219A9200A7DCC3 /* GroupCell.swift */,
				97F9DB62272189CF00A7DCC3 /* MediaCell.swift */,
			);
			path = Cells;
			sourceTree = "<group>";
		};
		984DCDEC516AE09EC7C9E167 /* Pods */ = {
			isa = PBXGroup;
			children = (
				654FB45A1DE146F16235507E /* Pods-Groupir.debug.xcconfig */,
				6A3A003AB32A119A7BC9CBA1 /* Pods-Groupir.release.xcconfig */,
			);
			path = Pods;
			sourceTree = "<group>";
		};
/* End PBXGroup section */

/* Begin PBXNativeTarget section */
		9753403227217F960079F537 /* Groupir */ = {
			isa = PBXNativeTarget;
			buildConfigurationList = 9753404727217F980079F537 /* Build configuration list for PBXNativeTarget "Groupir" */;
			buildPhases = (
				9746DF1227244B7600F01B36 /* TODOs */,
				2A91E408226C8B21F1F183C9 /* [CP] Check Pods Manifest.lock */,
				9753402F27217F960079F537 /* Sources */,
				9753403027217F960079F537 /* Frameworks */,
				9753403127217F960079F537 /* Resources */,
				B7925DFE54302B78903548D7 /* [CP] Embed Pods Frameworks */,
			);
			buildRules = (
			);
			dependencies = (
			);
			name = Groupir;
			productName = Groupir;
			productReference = 9753403327217F960079F537 /* Groupir.app */;
			productType = "com.apple.product-type.application";
		};
/* End PBXNativeTarget section */

/* Begin PBXProject section */
		9753402B27217F960079F537 /* Project object */ = {
			isa = PBXProject;
			attributes = {
				BuildIndependentTargetsInParallel = 1;
				LastSwiftUpdateCheck = 1310;
				LastUpgradeCheck = 1310;
				TargetAttributes = {
					9753403227217F960079F537 = {
						CreatedOnToolsVersion = 13.1;
					};
				};
			};
			buildConfigurationList = 9753402E27217F960079F537 /* Build configuration list for PBXProject "Groupir" */;
			compatibilityVersion = "Xcode 13.0";
			developmentRegion = en;
			hasScannedForEncodings = 0;
			knownRegions = (
				en,
				Base,
			);
			mainGroup = 9753402A27217F960079F537;
			productRefGroup = 9753403427217F960079F537 /* Products */;
			projectDirPath = "";
			projectRoot = "";
			targets = (
				9753403227217F960079F537 /* Groupir */,
			);
		};
/* End PBXProject section */

/* Begin PBXResourcesBuildPhase section */
		9753403127217F960079F537 /* Resources */ = {
			isa = PBXResourcesBuildPhase;
			buildActionMask = 2147483647;
			files = (
				9753404327217F980079F537 /* LaunchScreen.storyboard in Resources */,
				9753404027217F980079F537 /* Assets.xcassets in Resources */,
			);
			runOnlyForDeploymentPostprocessing = 0;
		};
/* End PBXResourcesBuildPhase section */

/* Begin PBXShellScriptBuildPhase section */
		2A91E408226C8B21F1F183C9 /* [CP] Check Pods Manifest.lock */ = {
			isa = PBXShellScriptBuildPhase;
			buildActionMask = 2147483647;
			files = (
			);
			inputFileListPaths = (
			);
			inputPaths = (
				"${PODS_PODFILE_DIR_PATH}/Podfile.lock",
				"${PODS_ROOT}/Manifest.lock",
			);
			name = "[CP] Check Pods Manifest.lock";
			outputFileListPaths = (
			);
			outputPaths = (
				"$(DERIVED_FILE_DIR)/Pods-Groupir-checkManifestLockResult.txt",
			);
			runOnlyForDeploymentPostprocessing = 0;
			shellPath = /bin/sh;
			shellScript = "diff \"${PODS_PODFILE_DIR_PATH}/Podfile.lock\" \"${PODS_ROOT}/Manifest.lock\" > /dev/null\nif [ $? != 0 ] ; then\n    # print error to STDERR\n    echo \"error: The sandbox is not in sync with the Podfile.lock. Run 'pod install' or update your CocoaPods installation.\" >&2\n    exit 1\nfi\n# This output is used by Xcode 'outputs' to avoid re-running this script phase.\necho \"SUCCESS\" > \"${SCRIPT_OUTPUT_FILE_0}\"\n";
			showEnvVarsInLog = 0;
		};
		9746DF1227244B7600F01B36 /* TODOs */ = {
			isa = PBXShellScriptBuildPhase;
			buildActionMask = 2147483647;
			files = (
			);
			inputFileListPaths = (
			);
			inputPaths = (
			);
			name = TODOs;
			outputFileListPaths = (
			);
			outputPaths = (
			);
			runOnlyForDeploymentPostprocessing = 0;
			shellPath = /bin/sh;
			shellScript = "declare -a TAGS=(\"TODO:\" \"FIXME:\" \"LATER:\")\necho \"searching ${SRCROOT} for ${TAGS}\"\n\nfor TAG in ${TAGS[@]}; do\nfind \"${SRCROOT}/Groupir\" \\( -name \"*.h\" -or -name \"*.m\" -or -name \"*.swift\" \\) -print0 | xargs -0 egrep --with-filename --line-number --only-matching \"($TAG).*\\$\" | perl -p -e \"s/($TAG)/ warning: \\$1/\"\ndone\n";
		};
		B7925DFE54302B78903548D7 /* [CP] Embed Pods Frameworks */ = {
			isa = PBXShellScriptBuildPhase;
			buildActionMask = 2147483647;
			files = (
			);
			inputFileListPaths = (
				"${PODS_ROOT}/Target Support Files/Pods-Groupir/Pods-Groupir-frameworks-${CONFIGURATION}-input-files.xcfilelist",
			);
			name = "[CP] Embed Pods Frameworks";
			outputFileListPaths = (
				"${PODS_ROOT}/Target Support Files/Pods-Groupir/Pods-Groupir-frameworks-${CONFIGURATION}-output-files.xcfilelist",
			);
			runOnlyForDeploymentPostprocessing = 0;
			shellPath = /bin/sh;
			shellScript = "\"${PODS_ROOT}/Target Support Files/Pods-Groupir/Pods-Groupir-frameworks.sh\"\n";
			showEnvVarsInLog = 0;
		};
/* End PBXShellScriptBuildPhase section */

/* Begin PBXSourcesBuildPhase section */
		9753402F27217F960079F537 /* Sources */ = {
			isa = PBXSourcesBuildPhase;
			buildActionMask = 2147483647;
			files = (
				97D5DD1F2725870E00352F0C /* Group.swift in Sources */,
				975CF384272438CA00F23511 /* PHAssetResourceType+SY.swift in Sources */,
				979DBD12272B63EC0081339A /* MediaPreviewItem.swift in Sources */,
				975D84202722D7D0004B6D63 /* PrefsManager.swift in Sources */,
				979DBD16272B6F970081339A /* Logger.swift in Sources */,
				979DBD0A272B38690081339A /* UICollectionViewDiffableDataSource+SY.swift in Sources */,
				97D5DD1D272585B800352F0C /* Album.swift in Sources */,
				97F9DB552721816700A7DCC3 /* Media.swift in Sources */,
				9746DF16272451D800F01B36 /* PHAssetResource+SY.swift in Sources */,
				9753403B27217F960079F537 /* ViewController.swift in Sources */,
				979DBD10272B5E750081339A /* TempURL.swift in Sources */,
				97F9DB6527219A9200A7DCC3 /* GroupCell.swift in Sources */,
				97F9DB60272185DE00A7DCC3 /* AppError.swift in Sources */,
				9753403727217F960079F537 /* AppDelegate.swift in Sources */,
				97F9DB5A272182D600A7DCC3 /* Array+SY.swift in Sources */,
				975CF38227242EB800F23511 /* ExportableMedia.swift in Sources */,
				97CFC3A52724F6990064FA6D /* MediasViewController.swift in Sources */,
				975D84222722D813004B6D63 /* UserDefaults+SY.swift in Sources */,
				979DBD0C272B3FF30081339A /* ObservedObject.swift in Sources */,
				97F9DB572721817900A7DCC3 /* Event.swift in Sources */,
				979DBD08272B37B30081339A /* NSDiffableDataSourceSnapshot+SY.swift in Sources */,
				97F9DB63272189CF00A7DCC3 /* MediaCell.swift in Sources */,
				9753403927217F960079F537 /* SceneDelegate.swift in Sources */,
				97F9DB5E2721854400A7DCC3 /* MediasManager.swift in Sources */,
				979DBD1C272B7DBB0081339A /* MediaAction.swift in Sources */,
				979DBD14272B685D0081339A /* FileManager+SY.swift in Sources */,
				979DBD1A272B787E0081339A /* GroupAction.swift in Sources */,
				97F9DB5C2721849800A7DCC3 /* Date+SY.swift in Sources */,
				97CFC3A32724EBA30064FA6D /* LinkedMedias.swift in Sources */,
			);
			runOnlyForDeploymentPostprocessing = 0;
		};
/* End PBXSourcesBuildPhase section */

/* Begin PBXVariantGroup section */
		9753404127217F980079F537 /* LaunchScreen.storyboard */ = {
			isa = PBXVariantGroup;
			children = (
				9753404227217F980079F537 /* Base */,
			);
			name = LaunchScreen.storyboard;
			sourceTree = "<group>";
		};
/* End PBXVariantGroup section */

/* Begin XCBuildConfiguration section */
		9753404527217F980079F537 /* Debug */ = {
			isa = XCBuildConfiguration;
			buildSettings = {
				ALWAYS_SEARCH_USER_PATHS = NO;
				CLANG_ANALYZER_NONNULL = YES;
				CLANG_ANALYZER_NUMBER_OBJECT_CONVERSION = YES_AGGRESSIVE;
				CLANG_CXX_LANGUAGE_STANDARD = "gnu++17";
				CLANG_CXX_LIBRARY = "libc++";
				CLANG_ENABLE_MODULES = YES;
				CLANG_ENABLE_OBJC_ARC = YES;
				CLANG_ENABLE_OBJC_WEAK = YES;
				CLANG_WARN_BLOCK_CAPTURE_AUTORELEASING = YES;
				CLANG_WARN_BOOL_CONVERSION = YES;
				CLANG_WARN_COMMA = YES;
				CLANG_WARN_CONSTANT_CONVERSION = YES;
				CLANG_WARN_DEPRECATED_OBJC_IMPLEMENTATIONS = YES;
				CLANG_WARN_DIRECT_OBJC_ISA_USAGE = YES_ERROR;
				CLANG_WARN_DOCUMENTATION_COMMENTS = YES;
				CLANG_WARN_EMPTY_BODY = YES;
				CLANG_WARN_ENUM_CONVERSION = YES;
				CLANG_WARN_INFINITE_RECURSION = YES;
				CLANG_WARN_INT_CONVERSION = YES;
				CLANG_WARN_NON_LITERAL_NULL_CONVERSION = YES;
				CLANG_WARN_OBJC_IMPLICIT_RETAIN_SELF = YES;
				CLANG_WARN_OBJC_LITERAL_CONVERSION = YES;
				CLANG_WARN_OBJC_ROOT_CLASS = YES_ERROR;
				CLANG_WARN_QUOTED_INCLUDE_IN_FRAMEWORK_HEADER = YES;
				CLANG_WARN_RANGE_LOOP_ANALYSIS = YES;
				CLANG_WARN_STRICT_PROTOTYPES = YES;
				CLANG_WARN_SUSPICIOUS_MOVE = YES;
				CLANG_WARN_UNGUARDED_AVAILABILITY = YES_AGGRESSIVE;
				CLANG_WARN_UNREACHABLE_CODE = YES;
				CLANG_WARN__DUPLICATE_METHOD_MATCH = YES;
				COPY_PHASE_STRIP = NO;
				DEBUG_INFORMATION_FORMAT = dwarf;
				ENABLE_STRICT_OBJC_MSGSEND = YES;
				ENABLE_TESTABILITY = YES;
				GCC_C_LANGUAGE_STANDARD = gnu11;
				GCC_DYNAMIC_NO_PIC = NO;
				GCC_NO_COMMON_BLOCKS = YES;
				GCC_OPTIMIZATION_LEVEL = 0;
				GCC_PREPROCESSOR_DEFINITIONS = (
					"DEBUG=1",
					"$(inherited)",
				);
				GCC_WARN_64_TO_32_BIT_CONVERSION = YES;
				GCC_WARN_ABOUT_RETURN_TYPE = YES_ERROR;
				GCC_WARN_UNDECLARED_SELECTOR = YES;
				GCC_WARN_UNINITIALIZED_AUTOS = YES_AGGRESSIVE;
				GCC_WARN_UNUSED_FUNCTION = YES;
				GCC_WARN_UNUSED_VARIABLE = YES;
				IPHONEOS_DEPLOYMENT_TARGET = 14.0;
				MTL_ENABLE_DEBUG_INFO = INCLUDE_SOURCE;
				MTL_FAST_MATH = YES;
				ONLY_ACTIVE_ARCH = YES;
				SDKROOT = iphoneos;
				SWIFT_ACTIVE_COMPILATION_CONDITIONS = DEBUG;
				SWIFT_OPTIMIZATION_LEVEL = "-Onone";
			};
			name = Debug;
		};
		9753404627217F980079F537 /* Release */ = {
			isa = XCBuildConfiguration;
			buildSettings = {
				ALWAYS_SEARCH_USER_PATHS = NO;
				CLANG_ANALYZER_NONNULL = YES;
				CLANG_ANALYZER_NUMBER_OBJECT_CONVERSION = YES_AGGRESSIVE;
				CLANG_CXX_LANGUAGE_STANDARD = "gnu++17";
				CLANG_CXX_LIBRARY = "libc++";
				CLANG_ENABLE_MODULES = YES;
				CLANG_ENABLE_OBJC_ARC = YES;
				CLANG_ENABLE_OBJC_WEAK = YES;
				CLANG_WARN_BLOCK_CAPTURE_AUTORELEASING = YES;
				CLANG_WARN_BOOL_CONVERSION = YES;
				CLANG_WARN_COMMA = YES;
				CLANG_WARN_CONSTANT_CONVERSION = YES;
				CLANG_WARN_DEPRECATED_OBJC_IMPLEMENTATIONS = YES;
				CLANG_WARN_DIRECT_OBJC_ISA_USAGE = YES_ERROR;
				CLANG_WARN_DOCUMENTATION_COMMENTS = YES;
				CLANG_WARN_EMPTY_BODY = YES;
				CLANG_WARN_ENUM_CONVERSION = YES;
				CLANG_WARN_INFINITE_RECURSION = YES;
				CLANG_WARN_INT_CONVERSION = YES;
				CLANG_WARN_NON_LITERAL_NULL_CONVERSION = YES;
				CLANG_WARN_OBJC_IMPLICIT_RETAIN_SELF = YES;
				CLANG_WARN_OBJC_LITERAL_CONVERSION = YES;
				CLANG_WARN_OBJC_ROOT_CLASS = YES_ERROR;
				CLANG_WARN_QUOTED_INCLUDE_IN_FRAMEWORK_HEADER = YES;
				CLANG_WARN_RANGE_LOOP_ANALYSIS = YES;
				CLANG_WARN_STRICT_PROTOTYPES = YES;
				CLANG_WARN_SUSPICIOUS_MOVE = YES;
				CLANG_WARN_UNGUARDED_AVAILABILITY = YES_AGGRESSIVE;
				CLANG_WARN_UNREACHABLE_CODE = YES;
				CLANG_WARN__DUPLICATE_METHOD_MATCH = YES;
				COPY_PHASE_STRIP = NO;
				DEBUG_INFORMATION_FORMAT = "dwarf-with-dsym";
				ENABLE_NS_ASSERTIONS = NO;
				ENABLE_STRICT_OBJC_MSGSEND = YES;
				GCC_C_LANGUAGE_STANDARD = gnu11;
				GCC_NO_COMMON_BLOCKS = YES;
				GCC_WARN_64_TO_32_BIT_CONVERSION = YES;
				GCC_WARN_ABOUT_RETURN_TYPE = YES_ERROR;
				GCC_WARN_UNDECLARED_SELECTOR = YES;
				GCC_WARN_UNINITIALIZED_AUTOS = YES_AGGRESSIVE;
				GCC_WARN_UNUSED_FUNCTION = YES;
				GCC_WARN_UNUSED_VARIABLE = YES;
				IPHONEOS_DEPLOYMENT_TARGET = 14.0;
				MTL_ENABLE_DEBUG_INFO = NO;
				MTL_FAST_MATH = YES;
				SDKROOT = iphoneos;
				SWIFT_COMPILATION_MODE = wholemodule;
				SWIFT_OPTIMIZATION_LEVEL = "-O";
				VALIDATE_PRODUCT = YES;
			};
			name = Release;
		};
		9753404827217F980079F537 /* Debug */ = {
			isa = XCBuildConfiguration;
			baseConfigurationReference = 654FB45A1DE146F16235507E /* Pods-Groupir.debug.xcconfig */;
			buildSettings = {
				ASSETCATALOG_COMPILER_APPICON_NAME = AppIcon;
				ASSETCATALOG_COMPILER_GLOBAL_ACCENT_COLOR_NAME = AccentColor;
				CODE_SIGN_STYLE = Automatic;
				CURRENT_PROJECT_VERSION = 1;
				DEVELOPMENT_TEAM = 79RY8264V4;
				GENERATE_INFOPLIST_FILE = YES;
				INFOPLIST_FILE = Groupir/Info.plist;
				INFOPLIST_KEY_NSPhotoLibraryUsageDescription = "We need access to your photos to group them by event :)";
				INFOPLIST_KEY_UIApplicationSupportsIndirectInputEvents = YES;
				INFOPLIST_KEY_UILaunchStoryboardName = LaunchScreen;
				INFOPLIST_KEY_UISupportedInterfaceOrientations_iPad = "UIInterfaceOrientationPortrait UIInterfaceOrientationPortraitUpsideDown UIInterfaceOrientationLandscapeLeft UIInterfaceOrientationLandscapeRight";
				INFOPLIST_KEY_UISupportedInterfaceOrientations_iPhone = "UIInterfaceOrientationPortrait UIInterfaceOrientationLandscapeLeft UIInterfaceOrientationLandscapeRight";
				LD_RUNPATH_SEARCH_PATHS = (
					"$(inherited)",
					"@executable_path/Frameworks",
				);
				MARKETING_VERSION = 1.0;
				PRODUCT_BUNDLE_IDENTIFIER = me.syan.Groupir;
				PRODUCT_NAME = "$(TARGET_NAME)";
				SWIFT_EMIT_LOC_STRINGS = YES;
				SWIFT_VERSION = 5.0;
				TARGETED_DEVICE_FAMILY = "1,2";
			};
			name = Debug;
		};
		9753404927217F980079F537 /* Release */ = {
			isa = XCBuildConfiguration;
			baseConfigurationReference = 6A3A003AB32A119A7BC9CBA1 /* Pods-Groupir.release.xcconfig */;
			buildSettings = {
				ASSETCATALOG_COMPILER_APPICON_NAME = AppIcon;
				ASSETCATALOG_COMPILER_GLOBAL_ACCENT_COLOR_NAME = AccentColor;
				CODE_SIGN_STYLE = Automatic;
				CURRENT_PROJECT_VERSION = 1;
				DEVELOPMENT_TEAM = 79RY8264V4;
				GENERATE_INFOPLIST_FILE = YES;
				INFOPLIST_FILE = Groupir/Info.plist;
				INFOPLIST_KEY_NSPhotoLibraryUsageDescription = "We need access to your photos to group them by event :)";
				INFOPLIST_KEY_UIApplicationSupportsIndirectInputEvents = YES;
				INFOPLIST_KEY_UILaunchStoryboardName = LaunchScreen;
				INFOPLIST_KEY_UISupportedInterfaceOrientations_iPad = "UIInterfaceOrientationPortrait UIInterfaceOrientationPortraitUpsideDown UIInterfaceOrientationLandscapeLeft UIInterfaceOrientationLandscapeRight";
				INFOPLIST_KEY_UISupportedInterfaceOrientations_iPhone = "UIInterfaceOrientationPortrait UIInterfaceOrientationLandscapeLeft UIInterfaceOrientationLandscapeRight";
				LD_RUNPATH_SEARCH_PATHS = (
					"$(inherited)",
					"@executable_path/Frameworks",
				);
				MARKETING_VERSION = 1.0;
				PRODUCT_BUNDLE_IDENTIFIER = me.syan.Groupir;
				PRODUCT_NAME = "$(TARGET_NAME)";
				SWIFT_EMIT_LOC_STRINGS = YES;
				SWIFT_VERSION = 5.0;
				TARGETED_DEVICE_FAMILY = "1,2";
			};
			name = Release;
		};
/* End XCBuildConfiguration section */

/* Begin XCConfigurationList section */
		9753402E27217F960079F537 /* Build configuration list for PBXProject "Groupir" */ = {
			isa = XCConfigurationList;
			buildConfigurations = (
				9753404527217F980079F537 /* Debug */,
				9753404627217F980079F537 /* Release */,
			);
			defaultConfigurationIsVisible = 0;
			defaultConfigurationName = Release;
		};
		9753404727217F980079F537 /* Build configuration list for PBXNativeTarget "Groupir" */ = {
			isa = XCConfigurationList;
			buildConfigurations = (
				9753404827217F980079F537 /* Debug */,
				9753404927217F980079F537 /* Release */,
			);
			defaultConfigurationIsVisible = 0;
			defaultConfigurationName = Release;
		};
/* End XCConfigurationList section */
	};
	rootObject = 9753402B27217F960079F537 /* Project object */;
}
